// !$*UTF8*$!
{
	archiveVersion = 1;
	classes = {
	};
	objectVersion = 50;
	objects = {

/* Begin PBXBuildFile section */
		3E18B70220C2BC850009B5D1 /* e.cpp in Sources */ = {isa = PBXBuildFile; fileRef = 3E18B70020C2BC850009B5D1 /* e.cpp */; };
		3EDE6AEA2078375900FE5EF1 /* a.cpp in Sources */ = {isa = PBXBuildFile; fileRef = 3EDE6AE82078375900FE5EF1 /* a.cpp */; };
		3EDE6AED2078377F00FE5EF1 /* b.cpp in Sources */ = {isa = PBXBuildFile; fileRef = 3EDE6AEB2078377F00FE5EF1 /* b.cpp */; };
		3EDE6AF02078378F00FE5EF1 /* c.cpp in Sources */ = {isa = PBXBuildFile; fileRef = 3EDE6AEE2078378F00FE5EF1 /* c.cpp */; };
		3EDE6AF32078379B00FE5EF1 /* d.cpp in Sources */ = {isa = PBXBuildFile; fileRef = 3EDE6AF12078379B00FE5EF1 /* d.cpp */; };
/* End PBXBuildFile section */

/* Begin PBXCopyFilesBuildPhase section */
		3EF5E81D2077627E00A7BB22 /* CopyFiles */ = {
			isa = PBXCopyFilesBuildPhase;
			buildActionMask = 2147483647;
			dstPath = /usr/share/man/man1/;
			dstSubfolderSpec = 0;
			files = (
			);
			runOnlyForDeploymentPostprocessing = 1;
		};
/* End PBXCopyFilesBuildPhase section */

/* Begin PBXFileReference section */
		3E18B70020C2BC850009B5D1 /* e.cpp */ = {isa = PBXFileReference; lastKnownFileType = sourcecode.cpp.cpp; path = e.cpp; sourceTree = "<group>"; };
		3EDE6AE82078375900FE5EF1 /* a.cpp */ = {isa = PBXFileReference; lastKnownFileType = sourcecode.cpp.cpp; path = a.cpp; sourceTree = "<group>"; };
		3EDE6AEB2078377F00FE5EF1 /* b.cpp */ = {isa = PBXFileReference; lastKnownFileType = sourcecode.cpp.cpp; path = b.cpp; sourceTree = "<group>"; };
		3EDE6AEE2078378F00FE5EF1 /* c.cpp */ = {isa = PBXFileReference; lastKnownFileType = sourcecode.cpp.cpp; path = c.cpp; sourceTree = "<group>"; };
		3EDE6AF12078379B00FE5EF1 /* d.cpp */ = {isa = PBXFileReference; lastKnownFileType = sourcecode.cpp.cpp; path = d.cpp; sourceTree = "<group>"; };
		3EF5E81F2077627E00A7BB22 /* contest */ = {isa = PBXFileReference; explicitFileType = "compiled.mach-o.executable"; includeInIndex = 0; path = contest; sourceTree = BUILT_PRODUCTS_DIR; };
/* End PBXFileReference section */

/* Begin PBXFrameworksBuildPhase section */
		3EF5E81C2077627E00A7BB22 /* Frameworks */ = {
			isa = PBXFrameworksBuildPhase;
			buildActionMask = 2147483647;
			files = (
			);
			runOnlyForDeploymentPostprocessing = 0;
		};
/* End PBXFrameworksBuildPhase section */

/* Begin PBXGroup section */
		3EF5E8162077627D00A7BB22 = {
			isa = PBXGroup;
			children = (
				3EF5E8212077627E00A7BB22 /* contest */,
				3EF5E8202077627E00A7BB22 /* Products */,
			);
			sourceTree = "<group>";
		};
		3EF5E8202077627E00A7BB22 /* Products */ = {
			isa = PBXGroup;
			children = (
				3EF5E81F2077627E00A7BB22 /* contest */,
			);
			name = Products;
			sourceTree = "<group>";
		};
		3EF5E8212077627E00A7BB22 /* contest */ = {
			isa = PBXGroup;
			children = (
				3EDE6AE82078375900FE5EF1 /* a.cpp */,
				3EDE6AEB2078377F00FE5EF1 /* b.cpp */,
				3EDE6AEE2078378F00FE5EF1 /* c.cpp */,
				3EDE6AF12078379B00FE5EF1 /* d.cpp */,
				3E18B70020C2BC850009B5D1 /* e.cpp */,
			);
			path = contest;
			sourceTree = "<group>";
		};
/* End PBXGroup section */

/* Begin PBXNativeTarget section */
		3EF5E81E2077627E00A7BB22 /* contest */ = {
			isa = PBXNativeTarget;
			buildConfigurationList = 3EF5E8262077627E00A7BB22 /* Build configuration list for PBXNativeTarget "contest" */;
			buildPhases = (
				3EF5E81B2077627E00A7BB22 /* Sources */,
				3EF5E81C2077627E00A7BB22 /* Frameworks */,
				3EF5E81D2077627E00A7BB22 /* CopyFiles */,
			);
			buildRules = (
			);
			dependencies = (
			);
			name = contest;
			productName = contest;
			productReference = 3EF5E81F2077627E00A7BB22 /* contest */;
			productType = "com.apple.product-type.tool";
		};
/* End PBXNativeTarget section */

/* Begin PBXProject section */
		3EF5E8172077627D00A7BB22 /* Project object */ = {
			isa = PBXProject;
			attributes = {
				LastUpgradeCheck = 0930;
				ORGANIZATIONNAME = ukohank517;
				TargetAttributes = {
					3EF5E81E2077627E00A7BB22 = {
						CreatedOnToolsVersion = 9.3;
					};
				};
			};
			buildConfigurationList = 3EF5E81A2077627D00A7BB22 /* Build configuration list for PBXProject "contest" */;
			compatibilityVersion = "Xcode 9.3";
			developmentRegion = en;
			hasScannedForEncodings = 0;
			knownRegions = (
				en,
			);
			mainGroup = 3EF5E8162077627D00A7BB22;
			productRefGroup = 3EF5E8202077627E00A7BB22 /* Products */;
			projectDirPath = "";
			projectRoot = "";
			targets = (
				3EF5E81E2077627E00A7BB22 /* contest */,
			);
		};
/* End PBXProject section */

/* Begin PBXSourcesBuildPhase section */
		3EF5E81B2077627E00A7BB22 /* Sources */ = {
			isa = PBXSourcesBuildPhase;
			buildActionMask = 2147483647;
			files = (
				3EDE6AF32078379B00FE5EF1 /* d.cpp in Sources */,
				3EDE6AED2078377F00FE5EF1 /* b.cpp in Sources */,
				3EDE6AF02078378F00FE5EF1 /* c.cpp in Sources */,
				3E18B70220C2BC850009B5D1 /* e.cpp in Sources */,
				3EDE6AEA2078375900FE5EF1 /* a.cpp in Sources */,
			);
			runOnlyForDeploymentPostprocessing = 0;
		};
/* End PBXSourcesBuildPhase section */

/* Begin XCBuildConfiguration section */
		3EF5E8242077627E00A7BB22 /* Debug */ = {
			isa = XCBuildConfiguration;
			buildSettings = {
				ALWAYS_SEARCH_USER_PATHS = NO;
				CLANG_ANALYZER_NONNULL = YES;
				CLANG_ANALYZER_NUMBER_OBJECT_CONVERSION = YES_AGGRESSIVE;
				CLANG_CXX_LANGUAGE_STANDARD = "gnu++14";
				CLANG_CXX_LIBRARY = "libc++";
				CLANG_ENABLE_MODULES = YES;
				CLANG_ENABLE_OBJC_ARC = YES;
				CLANG_ENABLE_OBJC_WEAK = YES;
				CLANG_WARN_BLOCK_CAPTURE_AUTORELEASING = YES;
				CLANG_WARN_BOOL_CONVERSION = YES;
				CLANG_WARN_COMMA = YES;
				CLANG_WARN_CONSTANT_CONVERSION = YES;
				CLANG_WARN_DEPRECATED_OBJC_IMPLEMENTATIONS = YES;
				CLANG_WARN_DIRECT_OBJC_ISA_USAGE = YES_ERROR;
				CLANG_WARN_DOCUMENTATION_COMMENTS = YES;
				CLANG_WARN_EMPTY_BODY = YES;
				CLANG_WARN_ENUM_CONVERSION = YES;
				CLANG_WARN_INFINITE_RECURSION = YES;
				CLANG_WARN_INT_CONVERSION = YES;
				CLANG_WARN_NON_LITERAL_NULL_CONVERSION = YES;
				CLANG_WARN_OBJC_IMPLICIT_RETAIN_SELF = YES;
				CLANG_WARN_OBJC_LITERAL_CONVERSION = YES;
				CLANG_WARN_OBJC_ROOT_CLASS = YES_ERROR;
				CLANG_WARN_RANGE_LOOP_ANALYSIS = YES;
				CLANG_WARN_STRICT_PROTOTYPES = YES;
				CLANG_WARN_SUSPICIOUS_MOVE = YES;
				CLANG_WARN_UNGUARDED_AVAILABILITY = YES_AGGRESSIVE;
				CLANG_WARN_UNREACHABLE_CODE = YES;
				CLANG_WARN__DUPLICATE_METHOD_MATCH = YES;
				CODE_SIGN_IDENTITY = "Mac Developer";
				COPY_PHASE_STRIP = NO;
				DEBUG_INFORMATION_FORMAT = dwarf;
				ENABLE_STRICT_OBJC_MSGSEND = YES;
				ENABLE_TESTABILITY = YES;
				GCC_C_LANGUAGE_STANDARD = gnu11;
				GCC_DYNAMIC_NO_PIC = NO;
				GCC_NO_COMMON_BLOCKS = YES;
				GCC_OPTIMIZATION_LEVEL = 0;
				GCC_PREPROCESSOR_DEFINITIONS = (
					"DEBUG=1",
					"$(inherited)",
				);
				GCC_WARN_64_TO_32_BIT_CONVERSION = YES;
				GCC_WARN_ABOUT_RETURN_TYPE = YES_ERROR;
				GCC_WARN_UNDECLARED_SELECTOR = YES;
				GCC_WARN_UNINITIALIZED_AUTOS = YES_AGGRESSIVE;
				GCC_WARN_UNUSED_FUNCTION = YES;
				GCC_WARN_UNUSED_VARIABLE = YES;
				MACOSX_DEPLOYMENT_TARGET = 10.13;
				MTL_ENABLE_DEBUG_INFO = YES;
				ONLY_ACTIVE_ARCH = YES;
				SDKROOT = macosx;
			};
			name = Debug;
		};
		3EF5E8252077627E00A7BB22 /* Release */ = {
			isa = XCBuildConfiguration;
			buildSettings = {
				ALWAYS_SEARCH_USER_PATHS = NO;
				CLANG_ANALYZER_NONNULL = YES;
				CLANG_ANALYZER_NUMBER_OBJECT_CONVERSION = YES_AGGRESSIVE;
				CLANG_CXX_LANGUAGE_STANDARD = "gnu++14";
				CLANG_CXX_LIBRARY = "libc++";
				CLANG_ENABLE_MODULES = YES;
				CLANG_ENABLE_OBJC_ARC = YES;
				CLANG_ENABLE_OBJC_WEAK = YES;
				CLANG_WARN_BLOCK_CAPTURE_AUTORELEASING = YES;
				CLANG_WARN_BOOL_CONVERSION = YES;
				CLANG_WARN_COMMA = YES;
				CLANG_WARN_CONSTANT_CONVERSION = YES;
				CLANG_WARN_DEPRECATED_OBJC_IMPLEMENTATIONS = YES;
				CLANG_WARN_DIRECT_OBJC_ISA_USAGE = YES_ERROR;
				CLANG_WARN_DOCUMENTATION_COMMENTS = YES;
				CLANG_WARN_EMPTY_BODY = YES;
				CLANG_WARN_ENUM_CONVERSION = YES;
				CLANG_WARN_INFINITE_RECURSION = YES;
				CLANG_WARN_INT_CONVERSION = YES;
				CLANG_WARN_NON_LITERAL_NULL_CONVERSION = YES;
				CLANG_WARN_OBJC_IMPLICIT_RETAIN_SELF = YES;
				CLANG_WARN_OBJC_LITERAL_CONVERSION = YES;
				CLANG_WARN_OBJC_ROOT_CLASS = YES_ERROR;
				CLANG_WARN_RANGE_LOOP_ANALYSIS = YES;
				CLANG_WARN_STRICT_PROTOTYPES = YES;
				CLANG_WARN_SUSPICIOUS_MOVE = YES;
				CLANG_WARN_UNGUARDED_AVAILABILITY = YES_AGGRESSIVE;
				CLANG_WARN_UNREACHABLE_CODE = YES;
				CLANG_WARN__DUPLICATE_METHOD_MATCH = YES;
				CODE_SIGN_IDENTITY = "Mac Developer";
				COPY_PHASE_STRIP = NO;
				DEBUG_INFORMATION_FORMAT = "dwarf-with-dsym";
				ENABLE_NS_ASSERTIONS = NO;
				ENABLE_STRICT_OBJC_MSGSEND = YES;
				GCC_C_LANGUAGE_STANDARD = gnu11;
				GCC_NO_COMMON_BLOCKS = YES;
				GCC_WARN_64_TO_32_BIT_CONVERSION = YES;
				GCC_WARN_ABOUT_RETURN_TYPE = YES_ERROR;
				GCC_WARN_UNDECLARED_SELECTOR = YES;
				GCC_WARN_UNINITIALIZED_AUTOS = YES_AGGRESSIVE;
				GCC_WARN_UNUSED_FUNCTION = YES;
				GCC_WARN_UNUSED_VARIABLE = YES;
				MACOSX_DEPLOYMENT_TARGET = 10.13;
				MTL_ENABLE_DEBUG_INFO = NO;
				SDKROOT = macosx;
			};
			name = Release;
		};
		3EF5E8272077627E00A7BB22 /* Debug */ = {
			isa = XCBuildConfiguration;
			buildSettings = {
				CODE_SIGN_STYLE = Automatic;
				DEVELOPMENT_TEAM = R442YU672M;
				PRODUCT_NAME = "$(TARGET_NAME)";
			};
			name = Debug;
		};
		3EF5E8282077627E00A7BB22 /* Release */ = {
			isa = XCBuildConfiguration;
			buildSettings = {
				CODE_SIGN_STYLE = Automatic;
				DEVELOPMENT_TEAM = R442YU672M;
				PRODUCT_NAME = "$(TARGET_NAME)";
			};
			name = Release;
		};
/* End XCBuildConfiguration section */

/* Begin XCConfigurationList section */
		3EF5E81A2077627D00A7BB22 /* Build configuration list for PBXProject "contest" */ = {
			isa = XCConfigurationList;
			buildConfigurations = (
				3EF5E8242077627E00A7BB22 /* Debug */,
				3EF5E8252077627E00A7BB22 /* Release */,
			);
			defaultConfigurationIsVisible = 0;
			defaultConfigurationName = Release;
		};
		3EF5E8262077627E00A7BB22 /* Build configuration list for PBXNativeTarget "contest" */ = {
			isa = XCConfigurationList;
			buildConfigurations = (
				3EF5E8272077627E00A7BB22 /* Debug */,
				3EF5E8282077627E00A7BB22 /* Release */,
			);
			defaultConfigurationIsVisible = 0;
			defaultConfigurationName = Release;
		};
/* End XCConfigurationList section */
	};
	rootObject = 3EF5E8172077627D00A7BB22 /* Project object */;
}
